
Microsoft Visual Studio Solution File, Format Version 12.00
# Visual Studio Version 17
VisualStudioVersion = 17.7.34031.279
MinimumVisualStudioVersion = 10.0.40219.1
Project("{FAE04EC0-301F-11D3-BF4B-00C04F79EFBC}") = "EduRecuperacionC", "EduRecuperacionC.csproj", "{5CCF4FC9-638B-414A-9406-733B19F610CE}"
EndProject
Global
	GlobalSection(SolutionConfigurationPlatforms) = preSolution
		Debug|Any CPU = Debug|Any CPU
		Release|Any CPU = Release|Any CPU
	EndGlobalSection
	GlobalSection(ProjectConfigurationPlatforms) = postSolution
		{5CCF4FC9-638B-414A-9406-733B19F610CE}.Debug|Any CPU.ActiveCfg = Debug|Any CPU
		{5CCF4FC9-638B-414A-9406-733B19F610CE}.Debug|Any CPU.Build.0 = Debug|Any CPU
		{5CCF4FC9-638B-414A-9406-733B19F610CE}.Release|Any CPU.ActiveCfg = Release|Any CPU
		{5CCF4FC9-638B-414A-9406-733B19F610CE}.Release|Any CPU.Build.0 = Release|Any CPU
	EndGlobalSection
	GlobalSection(SolutionProperties) = preSolution
		HideSolutionNode = FALSE
	EndGlobalSection
	GlobalSection(ExtensibilityGlobals) = postSolution
		SolutionGuid = {A6C9090A-09B4-4316-907B-A2C0AD4512BD}
	EndGlobalSection
EndGlobal
